// !$*UTF8*$!
{
	archiveVersion = 1;
	classes = {
	};
	objectVersion = 46;
	objects = {

/* Begin PBXBuildFile section */
		3513714F199A65BB00C31BE7 /* Foundation.framework in Frameworks */ = {isa = PBXBuildFile; fileRef = 3513714E199A65BB00C31BE7 /* Foundation.framework */; };
		35137151199A65BB00C31BE7 /* CoreGraphics.framework in Frameworks */ = {isa = PBXBuildFile; fileRef = 35137150199A65BB00C31BE7 /* CoreGraphics.framework */; };
		35137153199A65BB00C31BE7 /* UIKit.framework in Frameworks */ = {isa = PBXBuildFile; fileRef = 35137152199A65BB00C31BE7 /* UIKit.framework */; };
		35137159199A65BB00C31BE7 /* InfoPlist.strings in Resources */ = {isa = PBXBuildFile; fileRef = 35137157199A65BB00C31BE7 /* InfoPlist.strings */; };
		3513715B199A65BB00C31BE7 /* main.m in Sources */ = {isa = PBXBuildFile; fileRef = 3513715A199A65BB00C31BE7 /* main.m */; };
		3513715F199A65BB00C31BE7 /* AppDelegate.m in Sources */ = {isa = PBXBuildFile; fileRef = 3513715E199A65BB00C31BE7 /* AppDelegate.m */; };
		35137162199A65BB00C31BE7 /* Main.storyboard in Resources */ = {isa = PBXBuildFile; fileRef = 35137160199A65BB00C31BE7 /* Main.storyboard */; };
		35137167199A65BB00C31BE7 /* Images.xcassets in Resources */ = {isa = PBXBuildFile; fileRef = 35137166199A65BB00C31BE7 /* Images.xcassets */; };
		3513716E199A65BB00C31BE7 /* XCTest.framework in Frameworks */ = {isa = PBXBuildFile; fileRef = 3513716D199A65BB00C31BE7 /* XCTest.framework */; };
		3513716F199A65BB00C31BE7 /* Foundation.framework in Frameworks */ = {isa = PBXBuildFile; fileRef = 3513714E199A65BB00C31BE7 /* Foundation.framework */; };
		35137170199A65BB00C31BE7 /* UIKit.framework in Frameworks */ = {isa = PBXBuildFile; fileRef = 35137152199A65BB00C31BE7 /* UIKit.framework */; };
		35137178199A65BB00C31BE7 /* InfoPlist.strings in Resources */ = {isa = PBXBuildFile; fileRef = 35137176199A65BB00C31BE7 /* InfoPlist.strings */; };
		3513717A199A65BB00C31BE7 /* SocialAppTests.m in Sources */ = {isa = PBXBuildFile; fileRef = 35137179199A65BB00C31BE7 /* SocialAppTests.m */; };
		35137187199A670300C31BE7 /* FacebookViewController.m in Sources */ = {isa = PBXBuildFile; fileRef = 35137186199A670300C31BE7 /* FacebookViewController.m */; };
		3513718A199A672700C31BE7 /* TwitterViewController.m in Sources */ = {isa = PBXBuildFile; fileRef = 35137189199A672700C31BE7 /* TwitterViewController.m */; };
		3513718F199A846C00C31BE7 /* FacebookSDK.framework in Frameworks */ = {isa = PBXBuildFile; fileRef = 3513718E199A846C00C31BE7 /* FacebookSDK.framework */; };
		35137192199A938F00C31BE7 /* NetworkActivity.m in Sources */ = {isa = PBXBuildFile; fileRef = 35137191199A938F00C31BE7 /* NetworkActivity.m */; };
		351371EF199BCA0F00C31BE7 /* AFHTTPClient.m in Sources */ = {isa = PBXBuildFile; fileRef = 351371B9199BCA0F00C31BE7 /* AFHTTPClient.m */; };
		351371F1199BCA0F00C31BE7 /* AFImageRequestOperation.m in Sources */ = {isa = PBXBuildFile; fileRef = 351371BD199BCA0F00C31BE7 /* AFImageRequestOperation.m */; };
		351371F2199BCA0F00C31BE7 /* AFJSONRequestOperation.m in Sources */ = {isa = PBXBuildFile; fileRef = 351371BF199BCA0F00C31BE7 /* AFJSONRequestOperation.m */; };
		351371F3199BCA0F00C31BE7 /* AFNetworkActivityIndicatorManager.m in Sources */ = {isa = PBXBuildFile; fileRef = 351371C1199BCA0F00C31BE7 /* AFNetworkActivityIndicatorManager.m */; };
		351371F4199BCA0F00C31BE7 /* AFPropertyListRequestOperation.m in Sources */ = {isa = PBXBuildFile; fileRef = 351371C4199BCA0F00C31BE7 /* AFPropertyListRequestOperation.m */; };
		351371F5199BCA0F00C31BE7 /* AFURLConnectionOperation.m in Sources */ = {isa = PBXBuildFile; fileRef = 351371C6199BCA0F00C31BE7 /* AFURLConnectionOperation.m */; };
		351371F6199BCA0F00C31BE7 /* AFXMLRequestOperation.m in Sources */ = {isa = PBXBuildFile; fileRef = 351371C8199BCA0F00C31BE7 /* AFXMLRequestOperation.m */; };
		351371F7199BCA0F00C31BE7 /* UIImageView+AFNetworking.m in Sources */ = {isa = PBXBuildFile; fileRef = 351371CA199BCA0F00C31BE7 /* UIImageView+AFNetworking.m */; };
		351371F8199BCA0F00C31BE7 /* IAuthentificator in Resources */ = {isa = PBXBuildFile; fileRef = 351371CB199BCA0F00C31BE7 /* IAuthentificator */; };
		351371F9199BCA0F00C31BE7 /* IAuthentificator.m in Sources */ = {isa = PBXBuildFile; fileRef = 351371CD199BCA0F00C31BE7 /* IAuthentificator.m */; };
		351371FA199BCA0F00C31BE7 /* IFeedCell.m in Sources */ = {isa = PBXBuildFile; fileRef = 351371CF199BCA0F00C31BE7 /* IFeedCell.m */; };
		351371FB199BCA0F00C31BE7 /* IFeedCell.xib in Resources */ = {isa = PBXBuildFile; fileRef = 351371D0199BCA0F00C31BE7 /* IFeedCell.xib */; };
		351371FC199BCA0F00C31BE7 /* IFeedController.m in Sources */ = {isa = PBXBuildFile; fileRef = 351371D2199BCA0F00C31BE7 /* IFeedController.m */; };
		351371FD199BCA0F00C31BE7 /* IFeedItem.m in Sources */ = {isa = PBXBuildFile; fileRef = 351371D4199BCA0F00C31BE7 /* IFeedItem.m */; };
		351371FE199BCA0F00C31BE7 /* IFeedStore.m in Sources */ = {isa = PBXBuildFile; fileRef = 351371D6199BCA0F00C31BE7 /* IFeedStore.m */; };
		35342C1919A1A37E0017818D /* AFHTTPRequestOperation.m in Sources */ = {isa = PBXBuildFile; fileRef = 35342C1819A1A37E0017818D /* AFHTTPRequestOperation.m */; };
		3568CAD9199FC5760093BD2B /* MenuViewController.m in Sources */ = {isa = PBXBuildFile; fileRef = 3568CAD3199FC5760093BD2B /* MenuViewController.m */; };
		3568CADA199FC5760093BD2B /* reveal-icon.png in Resources */ = {isa = PBXBuildFile; fileRef = 3568CAD4199FC5760093BD2B /* reveal-icon.png */; };
		3568CADB199FC5760093BD2B /* reveal-icon@2x.png in Resources */ = {isa = PBXBuildFile; fileRef = 3568CAD5199FC5760093BD2B /* reveal-icon@2x.png */; };
		3568CADC199FC5760093BD2B /* SWRevealViewController.m in Sources */ = {isa = PBXBuildFile; fileRef = 3568CAD7199FC5760093BD2B /* SWRevealViewController.m */; };
		3568CADF199FC5980093BD2B /* DashboardViewController.m in Sources */ = {isa = PBXBuildFile; fileRef = 3568CADE199FC5980093BD2B /* DashboardViewController.m */; };
		3568CAE8199FDBE50093BD2B /* twitter.png in Resources */ = {isa = PBXBuildFile; fileRef = 3568CAE4199FDBE50093BD2B /* twitter.png */; };
		3568CAEC199FDD320093BD2B /* instagram.png in Resources */ = {isa = PBXBuildFile; fileRef = 3568CAEB199FDD320093BD2B /* instagram.png */; };
		3568CAF019A052770093BD2B /* facebook.png in Resources */ = {isa = PBXBuildFile; fileRef = 3568CAEF19A052770093BD2B /* facebook.png */; };
		3568CAF219A052F20093BD2B /* home.png in Resources */ = {isa = PBXBuildFile; fileRef = 3568CAF119A052F20093BD2B /* home.png */; };
		3568CB3F19A0FB480093BD2B /* NSDateFormatter+STTwitter.m in Sources */ = {isa = PBXBuildFile; fileRef = 3568CB2319A0FB480093BD2B /* NSDateFormatter+STTwitter.m */; };
		3568CB4019A0FB480093BD2B /* NSError+STTwitter.m in Sources */ = {isa = PBXBuildFile; fileRef = 3568CB2519A0FB480093BD2B /* NSError+STTwitter.m */; };
		3568CB4119A0FB480093BD2B /* NSString+STTwitter.m in Sources */ = {isa = PBXBuildFile; fileRef = 3568CB2719A0FB480093BD2B /* NSString+STTwitter.m */; };
		3568CB4219A0FB480093BD2B /* STHTTPRequest+STTwitter.m in Sources */ = {isa = PBXBuildFile; fileRef = 3568CB2919A0FB480093BD2B /* STHTTPRequest+STTwitter.m */; };
		3568CB4319A0FB480093BD2B /* STTwitterAPI.m in Sources */ = {isa = PBXBuildFile; fileRef = 3568CB2C19A0FB480093BD2B /* STTwitterAPI.m */; };
		3568CB4419A0FB480093BD2B /* STTwitterAppOnly.m in Sources */ = {isa = PBXBuildFile; fileRef = 3568CB2E19A0FB480093BD2B /* STTwitterAppOnly.m */; };
		3568CB4519A0FB480093BD2B /* STTwitterHTML.m in Sources */ = {isa = PBXBuildFile; fileRef = 3568CB3019A0FB480093BD2B /* STTwitterHTML.m */; };
		3568CB4619A0FB480093BD2B /* STTwitterOAuth.m in Sources */ = {isa = PBXBuildFile; fileRef = 3568CB3219A0FB480093BD2B /* STTwitterOAuth.m */; };
		3568CB4719A0FB480093BD2B /* STTwitterOS.m in Sources */ = {isa = PBXBuildFile; fileRef = 3568CB3419A0FB480093BD2B /* STTwitterOS.m */; };
		3568CB4819A0FB480093BD2B /* STTwitterOSRequest.m in Sources */ = {isa = PBXBuildFile; fileRef = 3568CB3619A0FB480093BD2B /* STTwitterOSRequest.m */; };
		3568CB4919A0FB480093BD2B /* BAVPlistNode.m in Sources */ = {isa = PBXBuildFile; fileRef = 3568CB3A19A0FB480093BD2B /* BAVPlistNode.m */; };
		3568CB4A19A0FB480093BD2B /* JSONSyntaxHighlight.m in Sources */ = {isa = PBXBuildFile; fileRef = 3568CB3C19A0FB480093BD2B /* JSONSyntaxHighlight.m */; };
		3568CB4B19A0FB480093BD2B /* STHTTPRequest.m in Sources */ = {isa = PBXBuildFile; fileRef = 3568CB3E19A0FB480093BD2B /* STHTTPRequest.m */; };
		3568CB4E19A11A910093BD2B /* TweetTableViewCell.m in Sources */ = {isa = PBXBuildFile; fileRef = 3568CB4D19A11A910093BD2B /* TweetTableViewCell.m */; };
		357426EC19A26B4E0013390B /* NSDate+PrettyDate.m in Sources */ = {isa = PBXBuildFile; fileRef = 357426EB19A26B4E0013390B /* NSDate+PrettyDate.m */; };
/* End PBXBuildFile section */

/* Begin PBXContainerItemProxy section */
		35137171199A65BB00C31BE7 /* PBXContainerItemProxy */ = {
			isa = PBXContainerItemProxy;
			containerPortal = 35137143199A65BB00C31BE7 /* Project object */;
			proxyType = 1;
			remoteGlobalIDString = 3513714A199A65BB00C31BE7;
			remoteInfo = SocialApp;
		};
/* End PBXContainerItemProxy section */

/* Begin PBXFileReference section */
		3513714B199A65BB00C31BE7 /* SocialApp.app */ = {isa = PBXFileReference; explicitFileType = wrapper.application; includeInIndex = 0; path = SocialApp.app; sourceTree = BUILT_PRODUCTS_DIR; };
		3513714E199A65BB00C31BE7 /* Foundation.framework */ = {isa = PBXFileReference; lastKnownFileType = wrapper.framework; name = Foundation.framework; path = System/Library/Frameworks/Foundation.framework; sourceTree = SDKROOT; };
		35137150199A65BB00C31BE7 /* CoreGraphics.framework */ = {isa = PBXFileReference; lastKnownFileType = wrapper.framework; name = CoreGraphics.framework; path = System/Library/Frameworks/CoreGraphics.framework; sourceTree = SDKROOT; };
		35137152199A65BB00C31BE7 /* UIKit.framework */ = {isa = PBXFileReference; lastKnownFileType = wrapper.framework; name = UIKit.framework; path = System/Library/Frameworks/UIKit.framework; sourceTree = SDKROOT; };
		35137156199A65BB00C31BE7 /* SocialApp-Info.plist */ = {isa = PBXFileReference; lastKnownFileType = text.plist.xml; path = "SocialApp-Info.plist"; sourceTree = "<group>"; };
		35137158199A65BB00C31BE7 /* en */ = {isa = PBXFileReference; lastKnownFileType = text.plist.strings; name = en; path = en.lproj/InfoPlist.strings; sourceTree = "<group>"; };
		3513715A199A65BB00C31BE7 /* main.m */ = {isa = PBXFileReference; lastKnownFileType = sourcecode.c.objc; path = main.m; sourceTree = "<group>"; };
		3513715C199A65BB00C31BE7 /* SocialApp-Prefix.pch */ = {isa = PBXFileReference; lastKnownFileType = sourcecode.c.h; path = "SocialApp-Prefix.pch"; sourceTree = "<group>"; };
		3513715D199A65BB00C31BE7 /* AppDelegate.h */ = {isa = PBXFileReference; lastKnownFileType = sourcecode.c.h; path = AppDelegate.h; sourceTree = "<group>"; };
		3513715E199A65BB00C31BE7 /* AppDelegate.m */ = {isa = PBXFileReference; lastKnownFileType = sourcecode.c.objc; path = AppDelegate.m; sourceTree = "<group>"; };
		35137161199A65BB00C31BE7 /* Base */ = {isa = PBXFileReference; lastKnownFileType = file.storyboard; name = Base; path = Base.lproj/Main.storyboard; sourceTree = "<group>"; };
		35137166199A65BB00C31BE7 /* Images.xcassets */ = {isa = PBXFileReference; lastKnownFileType = folder.assetcatalog; path = Images.xcassets; sourceTree = "<group>"; };
		3513716C199A65BB00C31BE7 /* SocialAppTests.xctest */ = {isa = PBXFileReference; explicitFileType = wrapper.cfbundle; includeInIndex = 0; path = SocialAppTests.xctest; sourceTree = BUILT_PRODUCTS_DIR; };
		3513716D199A65BB00C31BE7 /* XCTest.framework */ = {isa = PBXFileReference; lastKnownFileType = wrapper.framework; name = XCTest.framework; path = Library/Frameworks/XCTest.framework; sourceTree = DEVELOPER_DIR; };
		35137175199A65BB00C31BE7 /* SocialAppTests-Info.plist */ = {isa = PBXFileReference; lastKnownFileType = text.plist.xml; path = "SocialAppTests-Info.plist"; sourceTree = "<group>"; };
		35137177199A65BB00C31BE7 /* en */ = {isa = PBXFileReference; lastKnownFileType = text.plist.strings; name = en; path = en.lproj/InfoPlist.strings; sourceTree = "<group>"; };
		35137179199A65BB00C31BE7 /* SocialAppTests.m */ = {isa = PBXFileReference; lastKnownFileType = sourcecode.c.objc; path = SocialAppTests.m; sourceTree = "<group>"; };
		35137185199A670300C31BE7 /* FacebookViewController.h */ = {isa = PBXFileReference; fileEncoding = 4; lastKnownFileType = sourcecode.c.h; name = FacebookViewController.h; path = Controller/FacebookViewController.h; sourceTree = "<group>"; };
		35137186199A670300C31BE7 /* FacebookViewController.m */ = {isa = PBXFileReference; fileEncoding = 4; lastKnownFileType = sourcecode.c.objc; name = FacebookViewController.m; path = Controller/FacebookViewController.m; sourceTree = "<group>"; };
		35137188199A672700C31BE7 /* TwitterViewController.h */ = {isa = PBXFileReference; fileEncoding = 4; lastKnownFileType = sourcecode.c.h; name = TwitterViewController.h; path = Controller/TwitterViewController.h; sourceTree = "<group>"; };
		35137189199A672700C31BE7 /* TwitterViewController.m */ = {isa = PBXFileReference; fileEncoding = 4; lastKnownFileType = sourcecode.c.objc; name = TwitterViewController.m; path = Controller/TwitterViewController.m; sourceTree = "<group>"; };
		3513718E199A846C00C31BE7 /* FacebookSDK.framework */ = {isa = PBXFileReference; lastKnownFileType = wrapper.framework; path = FacebookSDK.framework; sourceTree = "<group>"; };
		35137190199A938F00C31BE7 /* NetworkActivity.h */ = {isa = PBXFileReference; fileEncoding = 4; lastKnownFileType = sourcecode.c.h; path = NetworkActivity.h; sourceTree = "<group>"; };
		35137191199A938F00C31BE7 /* NetworkActivity.m */ = {isa = PBXFileReference; fileEncoding = 4; lastKnownFileType = sourcecode.c.objc; path = NetworkActivity.m; sourceTree = "<group>"; };
		351371B8199BCA0F00C31BE7 /* AFHTTPClient.h */ = {isa = PBXFileReference; fileEncoding = 4; lastKnownFileType = sourcecode.c.h; path = AFHTTPClient.h; sourceTree = "<group>"; };
		351371B9199BCA0F00C31BE7 /* AFHTTPClient.m */ = {isa = PBXFileReference; fileEncoding = 4; lastKnownFileType = sourcecode.c.objc; path = AFHTTPClient.m; sourceTree = "<group>"; };
		351371BC199BCA0F00C31BE7 /* AFImageRequestOperation.h */ = {isa = PBXFileReference; fileEncoding = 4; lastKnownFileType = sourcecode.c.h; path = AFImageRequestOperation.h; sourceTree = "<group>"; };
		351371BD199BCA0F00C31BE7 /* AFImageRequestOperation.m */ = {isa = PBXFileReference; fileEncoding = 4; lastKnownFileType = sourcecode.c.objc; path = AFImageRequestOperation.m; sourceTree = "<group>"; };
		351371BE199BCA0F00C31BE7 /* AFJSONRequestOperation.h */ = {isa = PBXFileReference; fileEncoding = 4; lastKnownFileType = sourcecode.c.h; path = AFJSONRequestOperation.h; sourceTree = "<group>"; };
		351371BF199BCA0F00C31BE7 /* AFJSONRequestOperation.m */ = {isa = PBXFileReference; fileEncoding = 4; lastKnownFileType = sourcecode.c.objc; path = AFJSONRequestOperation.m; sourceTree = "<group>"; };
		351371C0199BCA0F00C31BE7 /* AFNetworkActivityIndicatorManager.h */ = {isa = PBXFileReference; fileEncoding = 4; lastKnownFileType = sourcecode.c.h; path = AFNetworkActivityIndicatorManager.h; sourceTree = "<group>"; };
		351371C1199BCA0F00C31BE7 /* AFNetworkActivityIndicatorManager.m */ = {isa = PBXFileReference; fileEncoding = 4; lastKnownFileType = sourcecode.c.objc; path = AFNetworkActivityIndicatorManager.m; sourceTree = "<group>"; };
		351371C2199BCA0F00C31BE7 /* AFNetworking.h */ = {isa = PBXFileReference; fileEncoding = 4; lastKnownFileType = sourcecode.c.h; path = AFNetworking.h; sourceTree = "<group>"; };
		351371C3199BCA0F00C31BE7 /* AFPropertyListRequestOperation.h */ = {isa = PBXFileReference; fileEncoding = 4; lastKnownFileType = sourcecode.c.h; path = AFPropertyListRequestOperation.h; sourceTree = "<group>"; };
		351371C4199BCA0F00C31BE7 /* AFPropertyListRequestOperation.m */ = {isa = PBXFileReference; fileEncoding = 4; lastKnownFileType = sourcecode.c.objc; path = AFPropertyListRequestOperation.m; sourceTree = "<group>"; };
		351371C5199BCA0F00C31BE7 /* AFURLConnectionOperation.h */ = {isa = PBXFileReference; fileEncoding = 4; lastKnownFileType = sourcecode.c.h; path = AFURLConnectionOperation.h; sourceTree = "<group>"; };
		351371C6199BCA0F00C31BE7 /* AFURLConnectionOperation.m */ = {isa = PBXFileReference; fileEncoding = 4; lastKnownFileType = sourcecode.c.objc; path = AFURLConnectionOperation.m; sourceTree = "<group>"; };
		351371C7199BCA0F00C31BE7 /* AFXMLRequestOperation.h */ = {isa = PBXFileReference; fileEncoding = 4; lastKnownFileType = sourcecode.c.h; path = AFXMLRequestOperation.h; sourceTree = "<group>"; };
		351371C8199BCA0F00C31BE7 /* AFXMLRequestOperation.m */ = {isa = PBXFileReference; fileEncoding = 4; lastKnownFileType = sourcecode.c.objc; path = AFXMLRequestOperation.m; sourceTree = "<group>"; };
		351371C9199BCA0F00C31BE7 /* UIImageView+AFNetworking.h */ = {isa = PBXFileReference; fileEncoding = 4; lastKnownFileType = sourcecode.c.h; path = "UIImageView+AFNetworking.h"; sourceTree = "<group>"; };
		351371CA199BCA0F00C31BE7 /* UIImageView+AFNetworking.m */ = {isa = PBXFileReference; fileEncoding = 4; lastKnownFileType = sourcecode.c.objc; path = "UIImageView+AFNetworking.m"; sourceTree = "<group>"; };
		351371CB199BCA0F00C31BE7 /* IAuthentificator */ = {isa = PBXFileReference; fileEncoding = 4; lastKnownFileType = text; path = IAuthentificator; sourceTree = "<group>"; };
		351371CC199BCA0F00C31BE7 /* IAuthentificator.h */ = {isa = PBXFileReference; fileEncoding = 4; lastKnownFileType = sourcecode.c.h; path = IAuthentificator.h; sourceTree = "<group>"; };
		351371CD199BCA0F00C31BE7 /* IAuthentificator.m */ = {isa = PBXFileReference; fileEncoding = 4; lastKnownFileType = sourcecode.c.objc; path = IAuthentificator.m; sourceTree = "<group>"; };
		351371CE199BCA0F00C31BE7 /* IFeedCell.h */ = {isa = PBXFileReference; fileEncoding = 4; lastKnownFileType = sourcecode.c.h; path = IFeedCell.h; sourceTree = "<group>"; };
		351371CF199BCA0F00C31BE7 /* IFeedCell.m */ = {isa = PBXFileReference; fileEncoding = 4; lastKnownFileType = sourcecode.c.objc; path = IFeedCell.m; sourceTree = "<group>"; };
		351371D0199BCA0F00C31BE7 /* IFeedCell.xib */ = {isa = PBXFileReference; fileEncoding = 4; lastKnownFileType = file.xib; path = IFeedCell.xib; sourceTree = "<group>"; };
		351371D1199BCA0F00C31BE7 /* IFeedController.h */ = {isa = PBXFileReference; fileEncoding = 4; lastKnownFileType = sourcecode.c.h; name = IFeedController.h; path = InstagramDemo/IFeedController.h; sourceTree = "<group>"; };
		351371D2199BCA0F00C31BE7 /* IFeedController.m */ = {isa = PBXFileReference; fileEncoding = 4; lastKnownFileType = sourcecode.c.objc; name = IFeedController.m; path = InstagramDemo/IFeedController.m; sourceTree = "<group>"; };
		351371D3199BCA0F00C31BE7 /* IFeedItem.h */ = {isa = PBXFileReference; fileEncoding = 4; lastKnownFileType = sourcecode.c.h; path = IFeedItem.h; sourceTree = "<group>"; };
		351371D4199BCA0F00C31BE7 /* IFeedItem.m */ = {isa = PBXFileReference; fileEncoding = 4; lastKnownFileType = sourcecode.c.objc; path = IFeedItem.m; sourceTree = "<group>"; };
		351371D5199BCA0F00C31BE7 /* IFeedStore.h */ = {isa = PBXFileReference; fileEncoding = 4; lastKnownFileType = sourcecode.c.h; path = IFeedStore.h; sourceTree = "<group>"; };
		351371D6199BCA0F00C31BE7 /* IFeedStore.m */ = {isa = PBXFileReference; fileEncoding = 4; lastKnownFileType = sourcecode.c.objc; path = IFeedStore.m; sourceTree = "<group>"; };
		35342C1719A1A37E0017818D /* AFHTTPRequestOperation.h */ = {isa = PBXFileReference; fileEncoding = 4; lastKnownFileType = sourcecode.c.h; path = AFHTTPRequestOperation.h; sourceTree = "<group>"; };
		35342C1819A1A37E0017818D /* AFHTTPRequestOperation.m */ = {isa = PBXFileReference; fileEncoding = 4; lastKnownFileType = sourcecode.c.objc; path = AFHTTPRequestOperation.m; sourceTree = "<group>"; };
		3568CAD2199FC5760093BD2B /* MenuViewController.h */ = {isa = PBXFileReference; fileEncoding = 4; lastKnownFileType = sourcecode.c.h; path = MenuViewController.h; sourceTree = "<group>"; };
		3568CAD3199FC5760093BD2B /* MenuViewController.m */ = {isa = PBXFileReference; fileEncoding = 4; lastKnownFileType = sourcecode.c.objc; path = MenuViewController.m; sourceTree = "<group>"; };
		3568CAD4199FC5760093BD2B /* reveal-icon.png */ = {isa = PBXFileReference; lastKnownFileType = image.png; path = "reveal-icon.png"; sourceTree = "<group>"; };
		3568CAD5199FC5760093BD2B /* reveal-icon@2x.png */ = {isa = PBXFileReference; lastKnownFileType = image.png; path = "reveal-icon@2x.png"; sourceTree = "<group>"; };
		3568CAD6199FC5760093BD2B /* SWRevealViewController.h */ = {isa = PBXFileReference; fileEncoding = 4; lastKnownFileType = sourcecode.c.h; path = SWRevealViewController.h; sourceTree = "<group>"; };
		3568CAD7199FC5760093BD2B /* SWRevealViewController.m */ = {isa = PBXFileReference; fileEncoding = 4; lastKnownFileType = sourcecode.c.objc; path = SWRevealViewController.m; sourceTree = "<group>"; };
		3568CADD199FC5980093BD2B /* DashboardViewController.h */ = {isa = PBXFileReference; fileEncoding = 4; lastKnownFileType = sourcecode.c.h; path = DashboardViewController.h; sourceTree = "<group>"; };
		3568CADE199FC5980093BD2B /* DashboardViewController.m */ = {isa = PBXFileReference; fileEncoding = 4; lastKnownFileType = sourcecode.c.objc; path = DashboardViewController.m; sourceTree = "<group>"; };
		3568CAE4199FDBE50093BD2B /* twitter.png */ = {isa = PBXFileReference; lastKnownFileType = image.png; path = twitter.png; sourceTree = "<group>"; };
		3568CAEB199FDD320093BD2B /* instagram.png */ = {isa = PBXFileReference; lastKnownFileType = image.png; path = instagram.png; sourceTree = "<group>"; };
		3568CAEF19A052770093BD2B /* facebook.png */ = {isa = PBXFileReference; lastKnownFileType = image.png; path = facebook.png; sourceTree = "<group>"; };
		3568CAF119A052F20093BD2B /* home.png */ = {isa = PBXFileReference; lastKnownFileType = image.png; path = home.png; sourceTree = "<group>"; };
		3568CB2219A0FB480093BD2B /* NSDateFormatter+STTwitter.h */ = {isa = PBXFileReference; fileEncoding = 4; lastKnownFileType = sourcecode.c.h; path = "NSDateFormatter+STTwitter.h"; sourceTree = "<group>"; };
		3568CB2319A0FB480093BD2B /* NSDateFormatter+STTwitter.m */ = {isa = PBXFileReference; fileEncoding = 4; lastKnownFileType = sourcecode.c.objc; path = "NSDateFormatter+STTwitter.m"; sourceTree = "<group>"; };
		3568CB2419A0FB480093BD2B /* NSError+STTwitter.h */ = {isa = PBXFileReference; fileEncoding = 4; lastKnownFileType = sourcecode.c.h; path = "NSError+STTwitter.h"; sourceTree = "<group>"; };
		3568CB2519A0FB480093BD2B /* NSError+STTwitter.m */ = {isa = PBXFileReference; fileEncoding = 4; lastKnownFileType = sourcecode.c.objc; path = "NSError+STTwitter.m"; sourceTree = "<group>"; };
		3568CB2619A0FB480093BD2B /* NSString+STTwitter.h */ = {isa = PBXFileReference; fileEncoding = 4; lastKnownFileType = sourcecode.c.h; path = "NSString+STTwitter.h"; sourceTree = "<group>"; };
		3568CB2719A0FB480093BD2B /* NSString+STTwitter.m */ = {isa = PBXFileReference; fileEncoding = 4; lastKnownFileType = sourcecode.c.objc; path = "NSString+STTwitter.m"; sourceTree = "<group>"; };
		3568CB2819A0FB480093BD2B /* STHTTPRequest+STTwitter.h */ = {isa = PBXFileReference; fileEncoding = 4; lastKnownFileType = sourcecode.c.h; path = "STHTTPRequest+STTwitter.h"; sourceTree = "<group>"; };
		3568CB2919A0FB480093BD2B /* STHTTPRequest+STTwitter.m */ = {isa = PBXFileReference; fileEncoding = 4; lastKnownFileType = sourcecode.c.objc; path = "STHTTPRequest+STTwitter.m"; sourceTree = "<group>"; };
		3568CB2A19A0FB480093BD2B /* STTwitter.h */ = {isa = PBXFileReference; fileEncoding = 4; lastKnownFileType = sourcecode.c.h; path = STTwitter.h; sourceTree = "<group>"; };
		3568CB2B19A0FB480093BD2B /* STTwitterAPI.h */ = {isa = PBXFileReference; fileEncoding = 4; lastKnownFileType = sourcecode.c.h; path = STTwitterAPI.h; sourceTree = "<group>"; };
		3568CB2C19A0FB480093BD2B /* STTwitterAPI.m */ = {isa = PBXFileReference; fileEncoding = 4; lastKnownFileType = sourcecode.c.objc; path = STTwitterAPI.m; sourceTree = "<group>"; };
		3568CB2D19A0FB480093BD2B /* STTwitterAppOnly.h */ = {isa = PBXFileReference; fileEncoding = 4; lastKnownFileType = sourcecode.c.h; path = STTwitterAppOnly.h; sourceTree = "<group>"; };
		3568CB2E19A0FB480093BD2B /* STTwitterAppOnly.m */ = {isa = PBXFileReference; fileEncoding = 4; lastKnownFileType = sourcecode.c.objc; path = STTwitterAppOnly.m; sourceTree = "<group>"; };
		3568CB2F19A0FB480093BD2B /* STTwitterHTML.h */ = {isa = PBXFileReference; fileEncoding = 4; lastKnownFileType = sourcecode.c.h; path = STTwitterHTML.h; sourceTree = "<group>"; };
		3568CB3019A0FB480093BD2B /* STTwitterHTML.m */ = {isa = PBXFileReference; fileEncoding = 4; lastKnownFileType = sourcecode.c.objc; path = STTwitterHTML.m; sourceTree = "<group>"; };
		3568CB3119A0FB480093BD2B /* STTwitterOAuth.h */ = {isa = PBXFileReference; fileEncoding = 4; lastKnownFileType = sourcecode.c.h; path = STTwitterOAuth.h; sourceTree = "<group>"; };
		3568CB3219A0FB480093BD2B /* STTwitterOAuth.m */ = {isa = PBXFileReference; fileEncoding = 4; lastKnownFileType = sourcecode.c.objc; path = STTwitterOAuth.m; sourceTree = "<group>"; };
		3568CB3319A0FB480093BD2B /* STTwitterOS.h */ = {isa = PBXFileReference; fileEncoding = 4; lastKnownFileType = sourcecode.c.h; path = STTwitterOS.h; sourceTree = "<group>"; };
		3568CB3419A0FB480093BD2B /* STTwitterOS.m */ = {isa = PBXFileReference; fileEncoding = 4; lastKnownFileType = sourcecode.c.objc; path = STTwitterOS.m; sourceTree = "<group>"; };
		3568CB3519A0FB480093BD2B /* STTwitterOSRequest.h */ = {isa = PBXFileReference; fileEncoding = 4; lastKnownFileType = sourcecode.c.h; path = STTwitterOSRequest.h; sourceTree = "<group>"; };
		3568CB3619A0FB480093BD2B /* STTwitterOSRequest.m */ = {isa = PBXFileReference; fileEncoding = 4; lastKnownFileType = sourcecode.c.objc; path = STTwitterOSRequest.m; sourceTree = "<group>"; };
		3568CB3719A0FB480093BD2B /* STTwitterProtocol.h */ = {isa = PBXFileReference; fileEncoding = 4; lastKnownFileType = sourcecode.c.h; path = STTwitterProtocol.h; sourceTree = "<group>"; };
		3568CB3919A0FB480093BD2B /* BAVPlistNode.h */ = {isa = PBXFileReference; fileEncoding = 4; lastKnownFileType = sourcecode.c.h; path = BAVPlistNode.h; sourceTree = "<group>"; };
		3568CB3A19A0FB480093BD2B /* BAVPlistNode.m */ = {isa = PBXFileReference; fileEncoding = 4; lastKnownFileType = sourcecode.c.objc; path = BAVPlistNode.m; sourceTree = "<group>"; };
		3568CB3B19A0FB480093BD2B /* JSONSyntaxHighlight.h */ = {isa = PBXFileReference; fileEncoding = 4; lastKnownFileType = sourcecode.c.h; path = JSONSyntaxHighlight.h; sourceTree = "<group>"; };
		3568CB3C19A0FB480093BD2B /* JSONSyntaxHighlight.m */ = {isa = PBXFileReference; fileEncoding = 4; lastKnownFileType = sourcecode.c.objc; path = JSONSyntaxHighlight.m; sourceTree = "<group>"; };
		3568CB3D19A0FB480093BD2B /* STHTTPRequest.h */ = {isa = PBXFileReference; fileEncoding = 4; lastKnownFileType = sourcecode.c.h; path = STHTTPRequest.h; sourceTree = "<group>"; };
		3568CB3E19A0FB480093BD2B /* STHTTPRequest.m */ = {isa = PBXFileReference; fileEncoding = 4; lastKnownFileType = sourcecode.c.objc; path = STHTTPRequest.m; sourceTree = "<group>"; };
		3568CB4C19A11A910093BD2B /* TweetTableViewCell.h */ = {isa = PBXFileReference; fileEncoding = 4; lastKnownFileType = sourcecode.c.h; name = TweetTableViewCell.h; path = Controller/TweetTableViewCell.h; sourceTree = "<group>"; };
		3568CB4D19A11A910093BD2B /* TweetTableViewCell.m */ = {isa = PBXFileReference; fileEncoding = 4; lastKnownFileType = sourcecode.c.objc; name = TweetTableViewCell.m; path = Controller/TweetTableViewCell.m; sourceTree = "<group>"; };
		357426EA19A26B4E0013390B /* NSDate+PrettyDate.h */ = {isa = PBXFileReference; fileEncoding = 4; lastKnownFileType = sourcecode.c.h; path = "NSDate+PrettyDate.h"; sourceTree = "<group>"; };
		357426EB19A26B4E0013390B /* NSDate+PrettyDate.m */ = {isa = PBXFileReference; fileEncoding = 4; lastKnownFileType = sourcecode.c.objc; path = "NSDate+PrettyDate.m"; sourceTree = "<group>"; };
/* End PBXFileReference section */

/* Begin PBXFrameworksBuildPhase section */
		35137148199A65BB00C31BE7 /* Frameworks */ = {
			isa = PBXFrameworksBuildPhase;
			buildActionMask = 2147483647;
			files = (
				35137151199A65BB00C31BE7 /* CoreGraphics.framework in Frameworks */,
				3513718F199A846C00C31BE7 /* FacebookSDK.framework in Frameworks */,
				35137153199A65BB00C31BE7 /* UIKit.framework in Frameworks */,
				3513714F199A65BB00C31BE7 /* Foundation.framework in Frameworks */,
			);
			runOnlyForDeploymentPostprocessing = 0;
		};
		35137169199A65BB00C31BE7 /* Frameworks */ = {
			isa = PBXFrameworksBuildPhase;
			buildActionMask = 2147483647;
			files = (
				3513716E199A65BB00C31BE7 /* XCTest.framework in Frameworks */,
				35137170199A65BB00C31BE7 /* UIKit.framework in Frameworks */,
				3513716F199A65BB00C31BE7 /* Foundation.framework in Frameworks */,
			);
			runOnlyForDeploymentPostprocessing = 0;
		};
/* End PBXFrameworksBuildPhase section */

/* Begin PBXGroup section */
		35137142199A65BB00C31BE7 = {
			isa = PBXGroup;
			children = (
				35137154199A65BB00C31BE7 /* SocialApp */,
				35137173199A65BB00C31BE7 /* SocialAppTests */,
				3513714D199A65BB00C31BE7 /* Frameworks */,
				3513714C199A65BB00C31BE7 /* Products */,
			);
			sourceTree = "<group>";
		};
		3513714C199A65BB00C31BE7 /* Products */ = {
			isa = PBXGroup;
			children = (
				3513714B199A65BB00C31BE7 /* SocialApp.app */,
				3513716C199A65BB00C31BE7 /* SocialAppTests.xctest */,
			);
			name = Products;
			sourceTree = "<group>";
		};
		3513714D199A65BB00C31BE7 /* Frameworks */ = {
			isa = PBXGroup;
			children = (
				3513718E199A846C00C31BE7 /* FacebookSDK.framework */,
				3513714E199A65BB00C31BE7 /* Foundation.framework */,
				35137150199A65BB00C31BE7 /* CoreGraphics.framework */,
				35137152199A65BB00C31BE7 /* UIKit.framework */,
				3513716D199A65BB00C31BE7 /* XCTest.framework */,
			);
			name = Frameworks;
			sourceTree = "<group>";
		};
		35137154199A65BB00C31BE7 /* SocialApp */ = {
			isa = PBXGroup;
			children = (
				357426F119A28F520013390B /* API */,
				35137184199A66C600C31BE7 /* Controller */,
				35137160199A65BB00C31BE7 /* Main.storyboard */,
				35137155199A65BB00C31BE7 /* Supporting Files */,
			);
			path = SocialApp;
			sourceTree = "<group>";
		};
		35137155199A65BB00C31BE7 /* Supporting Files */ = {
			isa = PBXGroup;
			children = (
				3513715D199A65BB00C31BE7 /* AppDelegate.h */,
				3513715E199A65BB00C31BE7 /* AppDelegate.m */,
				35137166199A65BB00C31BE7 /* Images.xcassets */,
				35137156199A65BB00C31BE7 /* SocialApp-Info.plist */,
				35137157199A65BB00C31BE7 /* InfoPlist.strings */,
				3513715A199A65BB00C31BE7 /* main.m */,
				3513715C199A65BB00C31BE7 /* SocialApp-Prefix.pch */,
			);
			name = "Supporting Files";
			sourceTree = "<group>";
		};
		35137173199A65BB00C31BE7 /* SocialAppTests */ = {
			isa = PBXGroup;
			children = (
				35137179199A65BB00C31BE7 /* SocialAppTests.m */,
				35137174199A65BB00C31BE7 /* Supporting Files */,
			);
			path = SocialAppTests;
			sourceTree = "<group>";
		};
		35137174199A65BB00C31BE7 /* Supporting Files */ = {
			isa = PBXGroup;
			children = (
				35137175199A65BB00C31BE7 /* SocialAppTests-Info.plist */,
				35137176199A65BB00C31BE7 /* InfoPlist.strings */,
			);
			name = "Supporting Files";
			sourceTree = "<group>";
		};
		35137184199A66C600C31BE7 /* Controller */ = {
			isa = PBXGroup;
			children = (
				351371D1199BCA0F00C31BE7 /* IFeedController.h */,
				351371D2199BCA0F00C31BE7 /* IFeedController.m */,
				3568CB4C19A11A910093BD2B /* TweetTableViewCell.h */,
				3568CB4D19A11A910093BD2B /* TweetTableViewCell.m */,
				3568CADD199FC5980093BD2B /* DashboardViewController.h */,
				3568CADE199FC5980093BD2B /* DashboardViewController.m */,
				35137185199A670300C31BE7 /* FacebookViewController.h */,
				35137186199A670300C31BE7 /* FacebookViewController.m */,
				35137188199A672700C31BE7 /* TwitterViewController.h */,
				35137189199A672700C31BE7 /* TwitterViewController.m */,
			);
			name = Controller;
			sourceTree = "<group>";
		};
		351371B6199BCA0F00C31BE7 /* InstagramDemo */ = {
			isa = PBXGroup;
			children = (
				351371B7199BCA0F00C31BE7 /* AFNetworking */,
				351371CB199BCA0F00C31BE7 /* IAuthentificator */,
				351371CC199BCA0F00C31BE7 /* IAuthentificator.h */,
				351371CD199BCA0F00C31BE7 /* IAuthentificator.m */,
				351371CE199BCA0F00C31BE7 /* IFeedCell.h */,
				351371CF199BCA0F00C31BE7 /* IFeedCell.m */,
				351371D0199BCA0F00C31BE7 /* IFeedCell.xib */,
				351371D3199BCA0F00C31BE7 /* IFeedItem.h */,
				351371D4199BCA0F00C31BE7 /* IFeedItem.m */,
				351371D5199BCA0F00C31BE7 /* IFeedStore.h */,
				351371D6199BCA0F00C31BE7 /* IFeedStore.m */,
			);
			path = InstagramDemo;
			sourceTree = "<group>";
		};
		351371B7199BCA0F00C31BE7 /* AFNetworking */ = {
			isa = PBXGroup;
			children = (
				35342C1719A1A37E0017818D /* AFHTTPRequestOperation.h */,
				35342C1819A1A37E0017818D /* AFHTTPRequestOperation.m */,
				351371B8199BCA0F00C31BE7 /* AFHTTPClient.h */,
				351371B9199BCA0F00C31BE7 /* AFHTTPClient.m */,
				351371BC199BCA0F00C31BE7 /* AFImageRequestOperation.h */,
				351371BD199BCA0F00C31BE7 /* AFImageRequestOperation.m */,
				351371BE199BCA0F00C31BE7 /* AFJSONRequestOperation.h */,
				351371BF199BCA0F00C31BE7 /* AFJSONRequestOperation.m */,
				351371C0199BCA0F00C31BE7 /* AFNetworkActivityIndicatorManager.h */,
				351371C1199BCA0F00C31BE7 /* AFNetworkActivityIndicatorManager.m */,
				351371C2199BCA0F00C31BE7 /* AFNetworking.h */,
				351371C3199BCA0F00C31BE7 /* AFPropertyListRequestOperation.h */,
				351371C4199BCA0F00C31BE7 /* AFPropertyListRequestOperation.m */,
				351371C5199BCA0F00C31BE7 /* AFURLConnectionOperation.h */,
				351371C6199BCA0F00C31BE7 /* AFURLConnectionOperation.m */,
				351371C7199BCA0F00C31BE7 /* AFXMLRequestOperation.h */,
				351371C8199BCA0F00C31BE7 /* AFXMLRequestOperation.m */,
				351371C9199BCA0F00C31BE7 /* UIImageView+AFNetworking.h */,
				351371CA199BCA0F00C31BE7 /* UIImageView+AFNetworking.m */,
			);
			path = AFNetworking;
			sourceTree = "<group>";
		};
		3568CAD0199FC5760093BD2B /* SWRevealViewController */ = {
			isa = PBXGroup;
			children = (
				3568CAF119A052F20093BD2B /* home.png */,
				3568CAEF19A052770093BD2B /* facebook.png */,
				3568CAEB199FDD320093BD2B /* instagram.png */,
				3568CAE4199FDBE50093BD2B /* twitter.png */,
				3568CAD2199FC5760093BD2B /* MenuViewController.h */,
				3568CAD3199FC5760093BD2B /* MenuViewController.m */,
				3568CAD4199FC5760093BD2B /* reveal-icon.png */,
				3568CAD5199FC5760093BD2B /* reveal-icon@2x.png */,
				3568CAD6199FC5760093BD2B /* SWRevealViewController.h */,
				3568CAD7199FC5760093BD2B /* SWRevealViewController.m */,
			);
			path = SWRevealViewController;
			sourceTree = "<group>";
		};
		3568CB2119A0FB480093BD2B /* STTwitter */ = {
			isa = PBXGroup;
			children = (
				3568CB2219A0FB480093BD2B /* NSDateFormatter+STTwitter.h */,
				3568CB2319A0FB480093BD2B /* NSDateFormatter+STTwitter.m */,
				3568CB2419A0FB480093BD2B /* NSError+STTwitter.h */,
				3568CB2519A0FB480093BD2B /* NSError+STTwitter.m */,
				3568CB2619A0FB480093BD2B /* NSString+STTwitter.h */,
				3568CB2719A0FB480093BD2B /* NSString+STTwitter.m */,
				3568CB2819A0FB480093BD2B /* STHTTPRequest+STTwitter.h */,
				3568CB2919A0FB480093BD2B /* STHTTPRequest+STTwitter.m */,
				3568CB2A19A0FB480093BD2B /* STTwitter.h */,
				3568CB2B19A0FB480093BD2B /* STTwitterAPI.h */,
				3568CB2C19A0FB480093BD2B /* STTwitterAPI.m */,
				3568CB2D19A0FB480093BD2B /* STTwitterAppOnly.h */,
				3568CB2E19A0FB480093BD2B /* STTwitterAppOnly.m */,
				3568CB2F19A0FB480093BD2B /* STTwitterHTML.h */,
				3568CB3019A0FB480093BD2B /* STTwitterHTML.m */,
				3568CB3119A0FB480093BD2B /* STTwitterOAuth.h */,
				3568CB3219A0FB480093BD2B /* STTwitterOAuth.m */,
				3568CB3319A0FB480093BD2B /* STTwitterOS.h */,
				3568CB3419A0FB480093BD2B /* STTwitterOS.m */,
				3568CB3519A0FB480093BD2B /* STTwitterOSRequest.h */,
				3568CB3619A0FB480093BD2B /* STTwitterOSRequest.m */,
				3568CB3719A0FB480093BD2B /* STTwitterProtocol.h */,
				3568CB3819A0FB480093BD2B /* Vendor */,
			);
			path = STTwitter;
			sourceTree = "<group>";
		};
		3568CB3819A0FB480093BD2B /* Vendor */ = {
			isa = PBXGroup;
			children = (
				3568CB3919A0FB480093BD2B /* BAVPlistNode.h */,
				3568CB3A19A0FB480093BD2B /* BAVPlistNode.m */,
				3568CB3B19A0FB480093BD2B /* JSONSyntaxHighlight.h */,
				3568CB3C19A0FB480093BD2B /* JSONSyntaxHighlight.m */,
				3568CB3D19A0FB480093BD2B /* STHTTPRequest.h */,
				3568CB3E19A0FB480093BD2B /* STHTTPRequest.m */,
			);
			path = Vendor;
			sourceTree = "<group>";
		};
		357426F119A28F520013390B /* API */ = {
			isa = PBXGroup;
			children = (
				357426EA19A26B4E0013390B /* NSDate+PrettyDate.h */,
				357426EB19A26B4E0013390B /* NSDate+PrettyDate.m */,
				3568CB2119A0FB480093BD2B /* STTwitter */,
				3568CAD0199FC5760093BD2B /* SWRevealViewController */,
				351371B6199BCA0F00C31BE7 /* InstagramDemo */,
				35137190199A938F00C31BE7 /* NetworkActivity.h */,
				35137191199A938F00C31BE7 /* NetworkActivity.m */,
			);
			name = API;
			sourceTree = "<group>";
		};
/* End PBXGroup section */

/* Begin PBXNativeTarget section */
		3513714A199A65BB00C31BE7 /* SocialApp */ = {
			isa = PBXNativeTarget;
			buildConfigurationList = 3513717D199A65BB00C31BE7 /* Build configuration list for PBXNativeTarget "SocialApp" */;
			buildPhases = (
				35137147199A65BB00C31BE7 /* Sources */,
				35137148199A65BB00C31BE7 /* Frameworks */,
				35137149199A65BB00C31BE7 /* Resources */,
			);
			buildRules = (
			);
			dependencies = (
			);
			name = SocialApp;
			productName = SocialApp;
			productReference = 3513714B199A65BB00C31BE7 /* SocialApp.app */;
			productType = "com.apple.product-type.application";
		};
		3513716B199A65BB00C31BE7 /* SocialAppTests */ = {
			isa = PBXNativeTarget;
			buildConfigurationList = 35137180199A65BB00C31BE7 /* Build configuration list for PBXNativeTarget "SocialAppTests" */;
			buildPhases = (
				35137168199A65BB00C31BE7 /* Sources */,
				35137169199A65BB00C31BE7 /* Frameworks */,
				3513716A199A65BB00C31BE7 /* Resources */,
			);
			buildRules = (
			);
			dependencies = (
				35137172199A65BB00C31BE7 /* PBXTargetDependency */,
			);
			name = SocialAppTests;
			productName = SocialAppTests;
			productReference = 3513716C199A65BB00C31BE7 /* SocialAppTests.xctest */;
			productType = "com.apple.product-type.bundle.unit-test";
		};
/* End PBXNativeTarget section */

/* Begin PBXProject section */
		35137143199A65BB00C31BE7 /* Project object */ = {
			isa = PBXProject;
			attributes = {
				LastUpgradeCheck = 0510;
				ORGANIZATIONNAME = MokshaX;
				TargetAttributes = {
					3513716B199A65BB00C31BE7 = {
						TestTargetID = 3513714A199A65BB00C31BE7;
					};
				};
			};
			buildConfigurationList = 35137146199A65BB00C31BE7 /* Build configuration list for PBXProject "SocialApp" */;
			compatibilityVersion = "Xcode 3.2";
			developmentRegion = English;
			hasScannedForEncodings = 0;
			knownRegions = (
				en,
				Base,
			);
			mainGroup = 35137142199A65BB00C31BE7;
			productRefGroup = 3513714C199A65BB00C31BE7 /* Products */;
			projectDirPath = "";
			projectRoot = "";
			targets = (
				3513714A199A65BB00C31BE7 /* SocialApp */,
				3513716B199A65BB00C31BE7 /* SocialAppTests */,
			);
		};
/* End PBXProject section */

/* Begin PBXResourcesBuildPhase section */
		35137149199A65BB00C31BE7 /* Resources */ = {
			isa = PBXResourcesBuildPhase;
			buildActionMask = 2147483647;
			files = (
				351371FB199BCA0F00C31BE7 /* IFeedCell.xib in Resources */,
				3568CAEC199FDD320093BD2B /* instagram.png in Resources */,
				3568CAF219A052F20093BD2B /* home.png in Resources */,
				35137167199A65BB00C31BE7 /* Images.xcassets in Resources */,
				3568CAF019A052770093BD2B /* facebook.png in Resources */,
				35137159199A65BB00C31BE7 /* InfoPlist.strings in Resources */,
				35137162199A65BB00C31BE7 /* Main.storyboard in Resources */,
				3568CADB199FC5760093BD2B /* reveal-icon@2x.png in Resources */,
				351371F8199BCA0F00C31BE7 /* IAuthentificator in Resources */,
				3568CAE8199FDBE50093BD2B /* twitter.png in Resources */,
				3568CADA199FC5760093BD2B /* reveal-icon.png in Resources */,
			);
			runOnlyForDeploymentPostprocessing = 0;
		};
		3513716A199A65BB00C31BE7 /* Resources */ = {
			isa = PBXResourcesBuildPhase;
			buildActionMask = 2147483647;
			files = (
				35137178199A65BB00C31BE7 /* InfoPlist.strings in Resources */,
			);
			runOnlyForDeploymentPostprocessing = 0;
		};
/* End PBXResourcesBuildPhase section */

/* Begin PBXSourcesBuildPhase section */
		35137147199A65BB00C31BE7 /* Sources */ = {
			isa = PBXSourcesBuildPhase;
			buildActionMask = 2147483647;
			files = (
				3568CB4019A0FB480093BD2B /* NSError+STTwitter.m in Sources */,
				3568CB4419A0FB480093BD2B /* STTwitterAppOnly.m in Sources */,
				3513718A199A672700C31BE7 /* TwitterViewController.m in Sources */,
				351371F7199BCA0F00C31BE7 /* UIImageView+AFNetworking.m in Sources */,
				3568CB4719A0FB480093BD2B /* STTwitterOS.m in Sources */,
				351371FC199BCA0F00C31BE7 /* IFeedController.m in Sources */,
				357426EC19A26B4E0013390B /* NSDate+PrettyDate.m in Sources */,
				351371F9199BCA0F00C31BE7 /* IAuthentificator.m in Sources */,
				3568CB4919A0FB480093BD2B /* BAVPlistNode.m in Sources */,
				3568CB4119A0FB480093BD2B /* NSString+STTwitter.m in Sources */,
				35342C1919A1A37E0017818D /* AFHTTPRequestOperation.m in Sources */,
				3568CADF199FC5980093BD2B /* DashboardViewController.m in Sources */,
				3568CB4819A0FB480093BD2B /* STTwitterOSRequest.m in Sources */,
				35137187199A670300C31BE7 /* FacebookViewController.m in Sources */,
				351371F3199BCA0F00C31BE7 /* AFNetworkActivityIndicatorManager.m in Sources */,
				351371FE199BCA0F00C31BE7 /* IFeedStore.m in Sources */,
				3513715F199A65BB00C31BE7 /* AppDelegate.m in Sources */,
				351371FA199BCA0F00C31BE7 /* IFeedCell.m in Sources */,
				3568CB4319A0FB480093BD2B /* STTwitterAPI.m in Sources */,
				3568CADC199FC5760093BD2B /* SWRevealViewController.m in Sources */,
				3568CB4619A0FB480093BD2B /* STTwitterOAuth.m in Sources */,
				351371EF199BCA0F00C31BE7 /* AFHTTPClient.m in Sources */,
				35137192199A938F00C31BE7 /* NetworkActivity.m in Sources */,
				3568CB4E19A11A910093BD2B /* TweetTableViewCell.m in Sources */,
				3568CB3F19A0FB480093BD2B /* NSDateFormatter+STTwitter.m in Sources */,
				351371F6199BCA0F00C31BE7 /* AFXMLRequestOperation.m in Sources */,
				351371F5199BCA0F00C31BE7 /* AFURLConnectionOperation.m in Sources */,
				351371F1199BCA0F00C31BE7 /* AFImageRequestOperation.m in Sources */,
				351371F2199BCA0F00C31BE7 /* AFJSONRequestOperation.m in Sources */,
				351371F4199BCA0F00C31BE7 /* AFPropertyListRequestOperation.m in Sources */,
				351371FD199BCA0F00C31BE7 /* IFeedItem.m in Sources */,
				3568CB4219A0FB480093BD2B /* STHTTPRequest+STTwitter.m in Sources */,
				3568CB4B19A0FB480093BD2B /* STHTTPRequest.m in Sources */,
				3513715B199A65BB00C31BE7 /* main.m in Sources */,
				3568CB4A19A0FB480093BD2B /* JSONSyntaxHighlight.m in Sources */,
				3568CB4519A0FB480093BD2B /* STTwitterHTML.m in Sources */,
				3568CAD9199FC5760093BD2B /* MenuViewController.m in Sources */,
			);
			runOnlyForDeploymentPostprocessing = 0;
		};
		35137168199A65BB00C31BE7 /* Sources */ = {
			isa = PBXSourcesBuildPhase;
			buildActionMask = 2147483647;
			files = (
				3513717A199A65BB00C31BE7 /* SocialAppTests.m in Sources */,
			);
			runOnlyForDeploymentPostprocessing = 0;
		};
/* End PBXSourcesBuildPhase section */

/* Begin PBXTargetDependency section */
		35137172199A65BB00C31BE7 /* PBXTargetDependency */ = {
			isa = PBXTargetDependency;
			target = 3513714A199A65BB00C31BE7 /* SocialApp */;
			targetProxy = 35137171199A65BB00C31BE7 /* PBXContainerItemProxy */;
		};
/* End PBXTargetDependency section */

/* Begin PBXVariantGroup section */
		35137157199A65BB00C31BE7 /* InfoPlist.strings */ = {
			isa = PBXVariantGroup;
			children = (
				35137158199A65BB00C31BE7 /* en */,
			);
			name = InfoPlist.strings;
			sourceTree = "<group>";
		};
		35137160199A65BB00C31BE7 /* Main.storyboard */ = {
			isa = PBXVariantGroup;
			children = (
				35137161199A65BB00C31BE7 /* Base */,
			);
			name = Main.storyboard;
			sourceTree = "<group>";
		};
		35137176199A65BB00C31BE7 /* InfoPlist.strings */ = {
			isa = PBXVariantGroup;
			children = (
				35137177199A65BB00C31BE7 /* en */,
			);
			name = InfoPlist.strings;
			sourceTree = "<group>";
		};
/* End PBXVariantGroup section */

/* Begin XCBuildConfiguration section */
		3513717B199A65BB00C31BE7 /* Debug */ = {
			isa = XCBuildConfiguration;
			buildSettings = {
				ALWAYS_SEARCH_USER_PATHS = NO;
				CLANG_CXX_LANGUAGE_STANDARD = "gnu++0x";
				CLANG_CXX_LIBRARY = "libc++";
				CLANG_ENABLE_MODULES = YES;
				CLANG_ENABLE_OBJC_ARC = YES;
				CLANG_WARN_BOOL_CONVERSION = YES;
				CLANG_WARN_CONSTANT_CONVERSION = YES;
				CLANG_WARN_DIRECT_OBJC_ISA_USAGE = YES_ERROR;
				CLANG_WARN_EMPTY_BODY = YES;
				CLANG_WARN_ENUM_CONVERSION = YES;
				CLANG_WARN_INT_CONVERSION = YES;
				CLANG_WARN_OBJC_ROOT_CLASS = YES_ERROR;
				CLANG_WARN__DUPLICATE_METHOD_MATCH = YES;
				"CODE_SIGN_IDENTITY[sdk=iphoneos*]" = "iPhone Developer";
				COPY_PHASE_STRIP = NO;
				GCC_C_LANGUAGE_STANDARD = gnu99;
				GCC_DYNAMIC_NO_PIC = NO;
				GCC_OPTIMIZATION_LEVEL = 0;
				GCC_PREPROCESSOR_DEFINITIONS = (
					"DEBUG=1",
					"$(inherited)",
				);
				GCC_SYMBOLS_PRIVATE_EXTERN = NO;
				GCC_WARN_64_TO_32_BIT_CONVERSION = YES;
				GCC_WARN_ABOUT_RETURN_TYPE = YES_ERROR;
				GCC_WARN_UNDECLARED_SELECTOR = YES;
				GCC_WARN_UNINITIALIZED_AUTOS = YES_AGGRESSIVE;
				GCC_WARN_UNUSED_FUNCTION = YES;
				GCC_WARN_UNUSED_VARIABLE = YES;
				IPHONEOS_DEPLOYMENT_TARGET = 7.1;
				ONLY_ACTIVE_ARCH = YES;
				SDKROOT = iphoneos;
			};
			name = Debug;
		};
		3513717C199A65BB00C31BE7 /* Release */ = {
			isa = XCBuildConfiguration;
			buildSettings = {
				ALWAYS_SEARCH_USER_PATHS = NO;
				CLANG_CXX_LANGUAGE_STANDARD = "gnu++0x";
				CLANG_CXX_LIBRARY = "libc++";
				CLANG_ENABLE_MODULES = YES;
				CLANG_ENABLE_OBJC_ARC = YES;
				CLANG_WARN_BOOL_CONVERSION = YES;
				CLANG_WARN_CONSTANT_CONVERSION = YES;
				CLANG_WARN_DIRECT_OBJC_ISA_USAGE = YES_ERROR;
				CLANG_WARN_EMPTY_BODY = YES;
				CLANG_WARN_ENUM_CONVERSION = YES;
				CLANG_WARN_INT_CONVERSION = YES;
				CLANG_WARN_OBJC_ROOT_CLASS = YES_ERROR;
				CLANG_WARN__DUPLICATE_METHOD_MATCH = YES;
				"CODE_SIGN_IDENTITY[sdk=iphoneos*]" = "iPhone Developer";
				COPY_PHASE_STRIP = YES;
				ENABLE_NS_ASSERTIONS = NO;
				GCC_C_LANGUAGE_STANDARD = gnu99;
				GCC_WARN_64_TO_32_BIT_CONVERSION = YES;
				GCC_WARN_ABOUT_RETURN_TYPE = YES_ERROR;
				GCC_WARN_UNDECLARED_SELECTOR = YES;
				GCC_WARN_UNINITIALIZED_AUTOS = YES_AGGRESSIVE;
				GCC_WARN_UNUSED_FUNCTION = YES;
				GCC_WARN_UNUSED_VARIABLE = YES;
				IPHONEOS_DEPLOYMENT_TARGET = 7.1;
				SDKROOT = iphoneos;
				VALIDATE_PRODUCT = YES;
			};
			name = Release;
		};
		3513717E199A65BB00C31BE7 /* Debug */ = {
			isa = XCBuildConfiguration;
			buildSettings = {
				ASSETCATALOG_COMPILER_APPICON_NAME = AppIcon;
				ASSETCATALOG_COMPILER_LAUNCHIMAGE_NAME = LaunchImage;
				FRAMEWORK_SEARCH_PATHS = (
					"$(inherited)",
					"$(PROJECT_DIR)",
				);
				GCC_PRECOMPILE_PREFIX_HEADER = YES;
				GCC_PREFIX_HEADER = "SocialApp/SocialApp-Prefix.pch";
				INFOPLIST_FILE = "SocialApp/SocialApp-Info.plist";
				PRODUCT_NAME = "$(TARGET_NAME)";
				WRAPPER_EXTENSION = app;
			};
			name = Debug;
		};
		3513717F199A65BB00C31BE7 /* Release */ = {
			isa = XCBuildConfiguration;
			buildSettings = {
				ASSETCATALOG_COMPILER_APPICON_NAME = AppIcon;
				ASSETCATALOG_COMPILER_LAUNCHIMAGE_NAME = LaunchImage;
				FRAMEWORK_SEARCH_PATHS = (
					"$(inherited)",
					"$(PROJECT_DIR)",
				);
				GCC_PRECOMPILE_PREFIX_HEADER = YES;
				GCC_PREFIX_HEADER = "SocialApp/SocialApp-Prefix.pch";
				INFOPLIST_FILE = "SocialApp/SocialApp-Info.plist";
				PRODUCT_NAME = "$(TARGET_NAME)";
				WRAPPER_EXTENSION = app;
			};
			name = Release;
		};
		35137181199A65BB00C31BE7 /* Debug */ = {
			isa = XCBuildConfiguration;
			buildSettings = {
				BUNDLE_LOADER = "$(BUILT_PRODUCTS_DIR)/SocialApp.app/SocialApp";
				FRAMEWORK_SEARCH_PATHS = (
					"$(SDKROOT)/Developer/Library/Frameworks",
					"$(inherited)",
					"$(DEVELOPER_FRAMEWORKS_DIR)",
				);
				GCC_PRECOMPILE_PREFIX_HEADER = YES;
				GCC_PREFIX_HEADER = "SocialApp/SocialApp-Prefix.pch";
				GCC_PREPROCESSOR_DEFINITIONS = (
					"DEBUG=1",
					"$(inherited)",
				);
				INFOPLIST_FILE = "SocialAppTests/SocialAppTests-Info.plist";
				PRODUCT_NAME = "$(TARGET_NAME)";
				TEST_HOST = "$(BUNDLE_LOADER)";
				WRAPPER_EXTENSION = xctest;
			};
			name = Debug;
		};
		35137182199A65BC00C31BE7 /* Release */ = {
			isa = XCBuildConfiguration;
			buildSettings = {
				BUNDLE_LOADER = "$(BUILT_PRODUCTS_DIR)/SocialApp.app/SocialApp";
				FRAMEWORK_SEARCH_PATHS = (
					"$(SDKROOT)/Developer/Library/Frameworks",
					"$(inherited)",
					"$(DEVELOPER_FRAMEWORKS_DIR)",
				);
				GCC_PRECOMPILE_PREFIX_HEADER = YES;
				GCC_PREFIX_HEADER = "SocialApp/SocialApp-Prefix.pch";
				INFOPLIST_FILE = "SocialAppTests/SocialAppTests-Info.plist";
				PRODUCT_NAME = "$(TARGET_NAME)";
				TEST_HOST = "$(BUNDLE_LOADER)";
				WRAPPER_EXTENSION = xctest;
			};
			name = Release;
		};
/* End XCBuildConfiguration section */

/* Begin XCConfigurationList section */
		35137146199A65BB00C31BE7 /* Build configuration list for PBXProject "SocialApp" */ = {
			isa = XCConfigurationList;
			buildConfigurations = (
				3513717B199A65BB00C31BE7 /* Debug */,
				3513717C199A65BB00C31BE7 /* Release */,
			);
			defaultConfigurationIsVisible = 0;
			defaultConfigurationName = Release;
		};
		3513717D199A65BB00C31BE7 /* Build configuration list for PBXNativeTarget "SocialApp" */ = {
			isa = XCConfigurationList;
			buildConfigurations = (
				3513717E199A65BB00C31BE7 /* Debug */,
				3513717F199A65BB00C31BE7 /* Release */,
			);
			defaultConfigurationIsVisible = 0;
			defaultConfigurationName = Release;
		};
		35137180199A65BB00C31BE7 /* Build configuration list for PBXNativeTarget "SocialAppTests" */ = {
			isa = XCConfigurationList;
			buildConfigurations = (
				35137181199A65BB00C31BE7 /* Debug */,
				35137182199A65BC00C31BE7 /* Release */,
			);
			defaultConfigurationIsVisible = 0;
			defaultConfigurationName = Release;
		};
/* End XCConfigurationList section */
	};
	rootObject = 35137143199A65BB00C31BE7 /* Project object */;
}
