// !$*UTF8*$!
{
	archiveVersion = 1;
	classes = {
	};
	objectVersion = 46;
	objects = {

/* Begin PBXBuildFile section */
		3513714F199A65BB00C31BE7 /* Foundation.framework in Frameworks */ = {isa = PBXBuildFile; fileRef = 3513714E199A65BB00C31BE7 /* Foundation.framework */; };
		35137151199A65BB00C31BE7 /* CoreGraphics.framework in Frameworks */ = {isa = PBXBuildFile; fileRef = 35137150199A65BB00C31BE7 /* CoreGraphics.framework */; };
		35137153199A65BB00C31BE7 /* UIKit.framework in Frameworks */ = {isa = PBXBuildFile; fileRef = 35137152199A65BB00C31BE7 /* UIKit.framework */; };
		35137159199A65BB00C31BE7 /* InfoPlist.strings in Resources */ = {isa = PBXBuildFile; fileRef = 35137157199A65BB00C31BE7 /* InfoPlist.strings */; };
		3513715B199A65BB00C31BE7 /* main.m in Sources */ = {isa = PBXBuildFile; fileRef = 3513715A199A65BB00C31BE7 /* main.m */; };
		3513715F199A65BB00C31BE7 /* AppDelegate.m in Sources */ = {isa = PBXBuildFile; fileRef = 3513715E199A65BB00C31BE7 /* AppDelegate.m */; };
		35137162199A65BB00C31BE7 /* Main.storyboard in Resources */ = {isa = PBXBuildFile; fileRef = 35137160199A65BB00C31BE7 /* Main.storyboard */; };
		35137167199A65BB00C31BE7 /* Images.xcassets in Resources */ = {isa = PBXBuildFile; fileRef = 35137166199A65BB00C31BE7 /* Images.xcassets */; };
		3513716E199A65BB00C31BE7 /* XCTest.framework in Frameworks */ = {isa = PBXBuildFile; fileRef = 3513716D199A65BB00C31BE7 /* XCTest.framework */; };
		3513716F199A65BB00C31BE7 /* Foundation.framework in Frameworks */ = {isa = PBXBuildFile; fileRef = 3513714E199A65BB00C31BE7 /* Foundation.framework */; };
		35137170199A65BB00C31BE7 /* UIKit.framework in Frameworks */ = {isa = PBXBuildFile; fileRef = 35137152199A65BB00C31BE7 /* UIKit.framework */; };
		35137178199A65BB00C31BE7 /* InfoPlist.strings in Resources */ = {isa = PBXBuildFile; fileRef = 35137176199A65BB00C31BE7 /* InfoPlist.strings */; };
		3513717A199A65BB00C31BE7 /* SocialAppTests.m in Sources */ = {isa = PBXBuildFile; fileRef = 35137179199A65BB00C31BE7 /* SocialAppTests.m */; };
		35137187199A670300C31BE7 /* FacebookViewController.m in Sources */ = {isa = PBXBuildFile; fileRef = 35137186199A670300C31BE7 /* FacebookViewController.m */; };
		3513718A199A672700C31BE7 /* TwitterViewController.m in Sources */ = {isa = PBXBuildFile; fileRef = 35137189199A672700C31BE7 /* TwitterViewController.m */; };
		3513718D199A673800C31BE7 /* InstagramViewController.m in Sources */ = {isa = PBXBuildFile; fileRef = 3513718C199A673800C31BE7 /* InstagramViewController.m */; };
		3513718F199A846C00C31BE7 /* FacebookSDK.framework in Frameworks */ = {isa = PBXBuildFile; fileRef = 3513718E199A846C00C31BE7 /* FacebookSDK.framework */; };
		35137192199A938F00C31BE7 /* NetworkActivity.m in Sources */ = {isa = PBXBuildFile; fileRef = 35137191199A938F00C31BE7 /* NetworkActivity.m */; };
		35137195199B026000C31BE7 /* FacebookPostPhotoViewController.m in Sources */ = {isa = PBXBuildFile; fileRef = 35137194199B026000C31BE7 /* FacebookPostPhotoViewController.m */; };
		35137198199B069300C31BE7 /* TwitterPostPhotoViewController.m in Sources */ = {isa = PBXBuildFile; fileRef = 35137197199B069300C31BE7 /* TwitterPostPhotoViewController.m */; };
/* End PBXBuildFile section */

/* Begin PBXContainerItemProxy section */
		35137171199A65BB00C31BE7 /* PBXContainerItemProxy */ = {
			isa = PBXContainerItemProxy;
			containerPortal = 35137143199A65BB00C31BE7 /* Project object */;
			proxyType = 1;
			remoteGlobalIDString = 3513714A199A65BB00C31BE7;
			remoteInfo = SocialApp;
		};
/* End PBXContainerItemProxy section */

/* Begin PBXFileReference section */
		3513714B199A65BB00C31BE7 /* SocialApp.app */ = {isa = PBXFileReference; explicitFileType = wrapper.application; includeInIndex = 0; path = SocialApp.app; sourceTree = BUILT_PRODUCTS_DIR; };
		3513714E199A65BB00C31BE7 /* Foundation.framework */ = {isa = PBXFileReference; lastKnownFileType = wrapper.framework; name = Foundation.framework; path = System/Library/Frameworks/Foundation.framework; sourceTree = SDKROOT; };
		35137150199A65BB00C31BE7 /* CoreGraphics.framework */ = {isa = PBXFileReference; lastKnownFileType = wrapper.framework; name = CoreGraphics.framework; path = System/Library/Frameworks/CoreGraphics.framework; sourceTree = SDKROOT; };
		35137152199A65BB00C31BE7 /* UIKit.framework */ = {isa = PBXFileReference; lastKnownFileType = wrapper.framework; name = UIKit.framework; path = System/Library/Frameworks/UIKit.framework; sourceTree = SDKROOT; };
		35137156199A65BB00C31BE7 /* SocialApp-Info.plist */ = {isa = PBXFileReference; lastKnownFileType = text.plist.xml; path = "SocialApp-Info.plist"; sourceTree = "<group>"; };
		35137158199A65BB00C31BE7 /* en */ = {isa = PBXFileReference; lastKnownFileType = text.plist.strings; name = en; path = en.lproj/InfoPlist.strings; sourceTree = "<group>"; };
		3513715A199A65BB00C31BE7 /* main.m */ = {isa = PBXFileReference; lastKnownFileType = sourcecode.c.objc; path = main.m; sourceTree = "<group>"; };
		3513715C199A65BB00C31BE7 /* SocialApp-Prefix.pch */ = {isa = PBXFileReference; lastKnownFileType = sourcecode.c.h; path = "SocialApp-Prefix.pch"; sourceTree = "<group>"; };
		3513715D199A65BB00C31BE7 /* AppDelegate.h */ = {isa = PBXFileReference; lastKnownFileType = sourcecode.c.h; path = AppDelegate.h; sourceTree = "<group>"; };
		3513715E199A65BB00C31BE7 /* AppDelegate.m */ = {isa = PBXFileReference; lastKnownFileType = sourcecode.c.objc; path = AppDelegate.m; sourceTree = "<group>"; };
		35137161199A65BB00C31BE7 /* Base */ = {isa = PBXFileReference; lastKnownFileType = file.storyboard; name = Base; path = Base.lproj/Main.storyboard; sourceTree = "<group>"; };
		35137166199A65BB00C31BE7 /* Images.xcassets */ = {isa = PBXFileReference; lastKnownFileType = folder.assetcatalog; path = Images.xcassets; sourceTree = "<group>"; };
		3513716C199A65BB00C31BE7 /* SocialAppTests.xctest */ = {isa = PBXFileReference; explicitFileType = wrapper.cfbundle; includeInIndex = 0; path = SocialAppTests.xctest; sourceTree = BUILT_PRODUCTS_DIR; };
		3513716D199A65BB00C31BE7 /* XCTest.framework */ = {isa = PBXFileReference; lastKnownFileType = wrapper.framework; name = XCTest.framework; path = Library/Frameworks/XCTest.framework; sourceTree = DEVELOPER_DIR; };
		35137175199A65BB00C31BE7 /* SocialAppTests-Info.plist */ = {isa = PBXFileReference; lastKnownFileType = text.plist.xml; path = "SocialAppTests-Info.plist"; sourceTree = "<group>"; };
		35137177199A65BB00C31BE7 /* en */ = {isa = PBXFileReference; lastKnownFileType = text.plist.strings; name = en; path = en.lproj/InfoPlist.strings; sourceTree = "<group>"; };
		35137179199A65BB00C31BE7 /* SocialAppTests.m */ = {isa = PBXFileReference; lastKnownFileType = sourcecode.c.objc; path = SocialAppTests.m; sourceTree = "<group>"; };
		35137185199A670300C31BE7 /* FacebookViewController.h */ = {isa = PBXFileReference; fileEncoding = 4; lastKnownFileType = sourcecode.c.h; name = FacebookViewController.h; path = Controller/FacebookViewController.h; sourceTree = "<group>"; };
		35137186199A670300C31BE7 /* FacebookViewController.m */ = {isa = PBXFileReference; fileEncoding = 4; lastKnownFileType = sourcecode.c.objc; name = FacebookViewController.m; path = Controller/FacebookViewController.m; sourceTree = "<group>"; };
		35137188199A672700C31BE7 /* TwitterViewController.h */ = {isa = PBXFileReference; fileEncoding = 4; lastKnownFileType = sourcecode.c.h; name = TwitterViewController.h; path = Controller/TwitterViewController.h; sourceTree = "<group>"; };
		35137189199A672700C31BE7 /* TwitterViewController.m */ = {isa = PBXFileReference; fileEncoding = 4; lastKnownFileType = sourcecode.c.objc; name = TwitterViewController.m; path = Controller/TwitterViewController.m; sourceTree = "<group>"; };
		3513718B199A673800C31BE7 /* InstagramViewController.h */ = {isa = PBXFileReference; fileEncoding = 4; lastKnownFileType = sourcecode.c.h; name = InstagramViewController.h; path = Controller/InstagramViewController.h; sourceTree = "<group>"; };
		3513718C199A673800C31BE7 /* InstagramViewController.m */ = {isa = PBXFileReference; fileEncoding = 4; lastKnownFileType = sourcecode.c.objc; name = InstagramViewController.m; path = Controller/InstagramViewController.m; sourceTree = "<group>"; };
		3513718E199A846C00C31BE7 /* FacebookSDK.framework */ = {isa = PBXFileReference; lastKnownFileType = wrapper.framework; path = FacebookSDK.framework; sourceTree = "<group>"; };
		35137190199A938F00C31BE7 /* NetworkActivity.h */ = {isa = PBXFileReference; fileEncoding = 4; lastKnownFileType = sourcecode.c.h; path = NetworkActivity.h; sourceTree = "<group>"; };
		35137191199A938F00C31BE7 /* NetworkActivity.m */ = {isa = PBXFileReference; fileEncoding = 4; lastKnownFileType = sourcecode.c.objc; path = NetworkActivity.m; sourceTree = "<group>"; };
		35137193199B026000C31BE7 /* FacebookPostPhotoViewController.h */ = {isa = PBXFileReference; fileEncoding = 4; lastKnownFileType = sourcecode.c.h; name = FacebookPostPhotoViewController.h; path = Controller/FacebookPostPhotoViewController.h; sourceTree = "<group>"; };
		35137194199B026000C31BE7 /* FacebookPostPhotoViewController.m */ = {isa = PBXFileReference; fileEncoding = 4; lastKnownFileType = sourcecode.c.objc; name = FacebookPostPhotoViewController.m; path = Controller/FacebookPostPhotoViewController.m; sourceTree = "<group>"; };
		35137196199B069300C31BE7 /* TwitterPostPhotoViewController.h */ = {isa = PBXFileReference; fileEncoding = 4; lastKnownFileType = sourcecode.c.h; name = TwitterPostPhotoViewController.h; path = Controller/TwitterPostPhotoViewController.h; sourceTree = "<group>"; };
		35137197199B069300C31BE7 /* TwitterPostPhotoViewController.m */ = {isa = PBXFileReference; fileEncoding = 4; lastKnownFileType = sourcecode.c.objc; name = TwitterPostPhotoViewController.m; path = Controller/TwitterPostPhotoViewController.m; sourceTree = "<group>"; };
/* End PBXFileReference section */

/* Begin PBXFrameworksBuildPhase section */
		35137148199A65BB00C31BE7 /* Frameworks */ = {
			isa = PBXFrameworksBuildPhase;
			buildActionMask = 2147483647;
			files = (
				35137151199A65BB00C31BE7 /* CoreGraphics.framework in Frameworks */,
				3513718F199A846C00C31BE7 /* FacebookSDK.framework in Frameworks */,
				35137153199A65BB00C31BE7 /* UIKit.framework in Frameworks */,
				3513714F199A65BB00C31BE7 /* Foundation.framework in Frameworks */,
			);
			runOnlyForDeploymentPostprocessing = 0;
		};
		35137169199A65BB00C31BE7 /* Frameworks */ = {
			isa = PBXFrameworksBuildPhase;
			buildActionMask = 2147483647;
			files = (
				3513716E199A65BB00C31BE7 /* XCTest.framework in Frameworks */,
				35137170199A65BB00C31BE7 /* UIKit.framework in Frameworks */,
				3513716F199A65BB00C31BE7 /* Foundation.framework in Frameworks */,
			);
			runOnlyForDeploymentPostprocessing = 0;
		};
/* End PBXFrameworksBuildPhase section */

/* Begin PBXGroup section */
		35137142199A65BB00C31BE7 = {
			isa = PBXGroup;
			children = (
				35137154199A65BB00C31BE7 /* SocialApp */,
				35137173199A65BB00C31BE7 /* SocialAppTests */,
				3513714D199A65BB00C31BE7 /* Frameworks */,
				3513714C199A65BB00C31BE7 /* Products */,
			);
			sourceTree = "<group>";
		};
		3513714C199A65BB00C31BE7 /* Products */ = {
			isa = PBXGroup;
			children = (
				3513714B199A65BB00C31BE7 /* SocialApp.app */,
				3513716C199A65BB00C31BE7 /* SocialAppTests.xctest */,
			);
			name = Products;
			sourceTree = "<group>";
		};
		3513714D199A65BB00C31BE7 /* Frameworks */ = {
			isa = PBXGroup;
			children = (
				3513718E199A846C00C31BE7 /* FacebookSDK.framework */,
				3513714E199A65BB00C31BE7 /* Foundation.framework */,
				35137150199A65BB00C31BE7 /* CoreGraphics.framework */,
				35137152199A65BB00C31BE7 /* UIKit.framework */,
				3513716D199A65BB00C31BE7 /* XCTest.framework */,
			);
			name = Frameworks;
			sourceTree = "<group>";
		};
		35137154199A65BB00C31BE7 /* SocialApp */ = {
			isa = PBXGroup;
			children = (
				35137184199A66C600C31BE7 /* Controller */,
				3513715D199A65BB00C31BE7 /* AppDelegate.h */,
				3513715E199A65BB00C31BE7 /* AppDelegate.m */,
				35137160199A65BB00C31BE7 /* Main.storyboard */,
				35137166199A65BB00C31BE7 /* Images.xcassets */,
				35137155199A65BB00C31BE7 /* Supporting Files */,
			);
			path = SocialApp;
			sourceTree = "<group>";
		};
		35137155199A65BB00C31BE7 /* Supporting Files */ = {
			isa = PBXGroup;
			children = (
				35137156199A65BB00C31BE7 /* SocialApp-Info.plist */,
				35137157199A65BB00C31BE7 /* InfoPlist.strings */,
				3513715A199A65BB00C31BE7 /* main.m */,
				3513715C199A65BB00C31BE7 /* SocialApp-Prefix.pch */,
			);
			name = "Supporting Files";
			sourceTree = "<group>";
		};
		35137173199A65BB00C31BE7 /* SocialAppTests */ = {
			isa = PBXGroup;
			children = (
				35137179199A65BB00C31BE7 /* SocialAppTests.m */,
				35137174199A65BB00C31BE7 /* Supporting Files */,
			);
			path = SocialAppTests;
			sourceTree = "<group>";
		};
		35137174199A65BB00C31BE7 /* Supporting Files */ = {
			isa = PBXGroup;
			children = (
				35137175199A65BB00C31BE7 /* SocialAppTests-Info.plist */,
				35137176199A65BB00C31BE7 /* InfoPlist.strings */,
			);
			name = "Supporting Files";
			sourceTree = "<group>";
		};
		35137184199A66C600C31BE7 /* Controller */ = {
			isa = PBXGroup;
			children = (
				35137193199B026000C31BE7 /* FacebookPostPhotoViewController.h */,
				35137194199B026000C31BE7 /* FacebookPostPhotoViewController.m */,
				35137196199B069300C31BE7 /* TwitterPostPhotoViewController.h */,
				35137197199B069300C31BE7 /* TwitterPostPhotoViewController.m */,
				35137190199A938F00C31BE7 /* NetworkActivity.h */,
				35137191199A938F00C31BE7 /* NetworkActivity.m */,
				35137185199A670300C31BE7 /* FacebookViewController.h */,
				35137186199A670300C31BE7 /* FacebookViewController.m */,
				35137188199A672700C31BE7 /* TwitterViewController.h */,
				35137189199A672700C31BE7 /* TwitterViewController.m */,
				3513718B199A673800C31BE7 /* InstagramViewController.h */,
				3513718C199A673800C31BE7 /* InstagramViewController.m */,
			);
			name = Controller;
			sourceTree = "<group>";
		};
/* End PBXGroup section */

/* Begin PBXNativeTarget section */
		3513714A199A65BB00C31BE7 /* SocialApp */ = {
			isa = PBXNativeTarget;
			buildConfigurationList = 3513717D199A65BB00C31BE7 /* Build configuration list for PBXNativeTarget "SocialApp" */;
			buildPhases = (
				35137147199A65BB00C31BE7 /* Sources */,
				35137148199A65BB00C31BE7 /* Frameworks */,
				35137149199A65BB00C31BE7 /* Resources */,
			);
			buildRules = (
			);
			dependencies = (
			);
			name = SocialApp;
			productName = SocialApp;
			productReference = 3513714B199A65BB00C31BE7 /* SocialApp.app */;
			productType = "com.apple.product-type.application";
		};
		3513716B199A65BB00C31BE7 /* SocialAppTests */ = {
			isa = PBXNativeTarget;
			buildConfigurationList = 35137180199A65BB00C31BE7 /* Build configuration list for PBXNativeTarget "SocialAppTests" */;
			buildPhases = (
				35137168199A65BB00C31BE7 /* Sources */,
				35137169199A65BB00C31BE7 /* Frameworks */,
				3513716A199A65BB00C31BE7 /* Resources */,
			);
			buildRules = (
			);
			dependencies = (
				35137172199A65BB00C31BE7 /* PBXTargetDependency */,
			);
			name = SocialAppTests;
			productName = SocialAppTests;
			productReference = 3513716C199A65BB00C31BE7 /* SocialAppTests.xctest */;
			productType = "com.apple.product-type.bundle.unit-test";
		};
/* End PBXNativeTarget section */

/* Begin PBXProject section */
		35137143199A65BB00C31BE7 /* Project object */ = {
			isa = PBXProject;
			attributes = {
				LastUpgradeCheck = 0510;
				ORGANIZATIONNAME = MokshaX;
				TargetAttributes = {
					3513716B199A65BB00C31BE7 = {
						TestTargetID = 3513714A199A65BB00C31BE7;
					};
				};
			};
			buildConfigurationList = 35137146199A65BB00C31BE7 /* Build configuration list for PBXProject "SocialApp" */;
			compatibilityVersion = "Xcode 3.2";
			developmentRegion = English;
			hasScannedForEncodings = 0;
			knownRegions = (
				en,
				Base,
			);
			mainGroup = 35137142199A65BB00C31BE7;
			productRefGroup = 3513714C199A65BB00C31BE7 /* Products */;
			projectDirPath = "";
			projectRoot = "";
			targets = (
				3513714A199A65BB00C31BE7 /* SocialApp */,
				3513716B199A65BB00C31BE7 /* SocialAppTests */,
			);
		};
/* End PBXProject section */

/* Begin PBXResourcesBuildPhase section */
		35137149199A65BB00C31BE7 /* Resources */ = {
			isa = PBXResourcesBuildPhase;
			buildActionMask = 2147483647;
			files = (
				35137167199A65BB00C31BE7 /* Images.xcassets in Resources */,
				35137159199A65BB00C31BE7 /* InfoPlist.strings in Resources */,
				35137162199A65BB00C31BE7 /* Main.storyboard in Resources */,
			);
			runOnlyForDeploymentPostprocessing = 0;
		};
		3513716A199A65BB00C31BE7 /* Resources */ = {
			isa = PBXResourcesBuildPhase;
			buildActionMask = 2147483647;
			files = (
				35137178199A65BB00C31BE7 /* InfoPlist.strings in Resources */,
			);
			runOnlyForDeploymentPostprocessing = 0;
		};
/* End PBXResourcesBuildPhase section */

/* Begin PBXSourcesBuildPhase section */
		35137147199A65BB00C31BE7 /* Sources */ = {
			isa = PBXSourcesBuildPhase;
			buildActionMask = 2147483647;
			files = (
				3513718A199A672700C31BE7 /* TwitterViewController.m in Sources */,
				35137187199A670300C31BE7 /* FacebookViewController.m in Sources */,
				35137198199B069300C31BE7 /* TwitterPostPhotoViewController.m in Sources */,
				3513715F199A65BB00C31BE7 /* AppDelegate.m in Sources */,
				35137192199A938F00C31BE7 /* NetworkActivity.m in Sources */,
				3513715B199A65BB00C31BE7 /* main.m in Sources */,
				3513718D199A673800C31BE7 /* InstagramViewController.m in Sources */,
				35137195199B026000C31BE7 /* FacebookPostPhotoViewController.m in Sources */,
			);
			runOnlyForDeploymentPostprocessing = 0;
		};
		35137168199A65BB00C31BE7 /* Sources */ = {
			isa = PBXSourcesBuildPhase;
			buildActionMask = 2147483647;
			files = (
				3513717A199A65BB00C31BE7 /* SocialAppTests.m in Sources */,
			);
			runOnlyForDeploymentPostprocessing = 0;
		};
/* End PBXSourcesBuildPhase section */

/* Begin PBXTargetDependency section */
		35137172199A65BB00C31BE7 /* PBXTargetDependency */ = {
			isa = PBXTargetDependency;
			target = 3513714A199A65BB00C31BE7 /* SocialApp */;
			targetProxy = 35137171199A65BB00C31BE7 /* PBXContainerItemProxy */;
		};
/* End PBXTargetDependency section */

/* Begin PBXVariantGroup section */
		35137157199A65BB00C31BE7 /* InfoPlist.strings */ = {
			isa = PBXVariantGroup;
			children = (
				35137158199A65BB00C31BE7 /* en */,
			);
			name = InfoPlist.strings;
			sourceTree = "<group>";
		};
		35137160199A65BB00C31BE7 /* Main.storyboard */ = {
			isa = PBXVariantGroup;
			children = (
				35137161199A65BB00C31BE7 /* Base */,
			);
			name = Main.storyboard;
			sourceTree = "<group>";
		};
		35137176199A65BB00C31BE7 /* InfoPlist.strings */ = {
			isa = PBXVariantGroup;
			children = (
				35137177199A65BB00C31BE7 /* en */,
			);
			name = InfoPlist.strings;
			sourceTree = "<group>";
		};
/* End PBXVariantGroup section */

/* Begin XCBuildConfiguration section */
		3513717B199A65BB00C31BE7 /* Debug */ = {
			isa = XCBuildConfiguration;
			buildSettings = {
				ALWAYS_SEARCH_USER_PATHS = NO;
				CLANG_CXX_LANGUAGE_STANDARD = "gnu++0x";
				CLANG_CXX_LIBRARY = "libc++";
				CLANG_ENABLE_MODULES = YES;
				CLANG_ENABLE_OBJC_ARC = YES;
				CLANG_WARN_BOOL_CONVERSION = YES;
				CLANG_WARN_CONSTANT_CONVERSION = YES;
				CLANG_WARN_DIRECT_OBJC_ISA_USAGE = YES_ERROR;
				CLANG_WARN_EMPTY_BODY = YES;
				CLANG_WARN_ENUM_CONVERSION = YES;
				CLANG_WARN_INT_CONVERSION = YES;
				CLANG_WARN_OBJC_ROOT_CLASS = YES_ERROR;
				CLANG_WARN__DUPLICATE_METHOD_MATCH = YES;
				"CODE_SIGN_IDENTITY[sdk=iphoneos*]" = "iPhone Developer";
				COPY_PHASE_STRIP = NO;
				GCC_C_LANGUAGE_STANDARD = gnu99;
				GCC_DYNAMIC_NO_PIC = NO;
				GCC_OPTIMIZATION_LEVEL = 0;
				GCC_PREPROCESSOR_DEFINITIONS = (
					"DEBUG=1",
					"$(inherited)",
				);
				GCC_SYMBOLS_PRIVATE_EXTERN = NO;
				GCC_WARN_64_TO_32_BIT_CONVERSION = YES;
				GCC_WARN_ABOUT_RETURN_TYPE = YES_ERROR;
				GCC_WARN_UNDECLARED_SELECTOR = YES;
				GCC_WARN_UNINITIALIZED_AUTOS = YES_AGGRESSIVE;
				GCC_WARN_UNUSED_FUNCTION = YES;
				GCC_WARN_UNUSED_VARIABLE = YES;
				IPHONEOS_DEPLOYMENT_TARGET = 7.1;
				ONLY_ACTIVE_ARCH = YES;
				SDKROOT = iphoneos;
			};
			name = Debug;
		};
		3513717C199A65BB00C31BE7 /* Release */ = {
			isa = XCBuildConfiguration;
			buildSettings = {
				ALWAYS_SEARCH_USER_PATHS = NO;
				CLANG_CXX_LANGUAGE_STANDARD = "gnu++0x";
				CLANG_CXX_LIBRARY = "libc++";
				CLANG_ENABLE_MODULES = YES;
				CLANG_ENABLE_OBJC_ARC = YES;
				CLANG_WARN_BOOL_CONVERSION = YES;
				CLANG_WARN_CONSTANT_CONVERSION = YES;
				CLANG_WARN_DIRECT_OBJC_ISA_USAGE = YES_ERROR;
				CLANG_WARN_EMPTY_BODY = YES;
				CLANG_WARN_ENUM_CONVERSION = YES;
				CLANG_WARN_INT_CONVERSION = YES;
				CLANG_WARN_OBJC_ROOT_CLASS = YES_ERROR;
				CLANG_WARN__DUPLICATE_METHOD_MATCH = YES;
				"CODE_SIGN_IDENTITY[sdk=iphoneos*]" = "iPhone Developer";
				COPY_PHASE_STRIP = YES;
				ENABLE_NS_ASSERTIONS = NO;
				GCC_C_LANGUAGE_STANDARD = gnu99;
				GCC_WARN_64_TO_32_BIT_CONVERSION = YES;
				GCC_WARN_ABOUT_RETURN_TYPE = YES_ERROR;
				GCC_WARN_UNDECLARED_SELECTOR = YES;
				GCC_WARN_UNINITIALIZED_AUTOS = YES_AGGRESSIVE;
				GCC_WARN_UNUSED_FUNCTION = YES;
				GCC_WARN_UNUSED_VARIABLE = YES;
				IPHONEOS_DEPLOYMENT_TARGET = 7.1;
				SDKROOT = iphoneos;
				VALIDATE_PRODUCT = YES;
			};
			name = Release;
		};
		3513717E199A65BB00C31BE7 /* Debug */ = {
			isa = XCBuildConfiguration;
			buildSettings = {
				ASSETCATALOG_COMPILER_APPICON_NAME = AppIcon;
				ASSETCATALOG_COMPILER_LAUNCHIMAGE_NAME = LaunchImage;
				FRAMEWORK_SEARCH_PATHS = (
					"$(inherited)",
					"$(PROJECT_DIR)",
				);
				GCC_PRECOMPILE_PREFIX_HEADER = YES;
				GCC_PREFIX_HEADER = "SocialApp/SocialApp-Prefix.pch";
				INFOPLIST_FILE = "SocialApp/SocialApp-Info.plist";
				PRODUCT_NAME = "$(TARGET_NAME)";
				WRAPPER_EXTENSION = app;
			};
			name = Debug;
		};
		3513717F199A65BB00C31BE7 /* Release */ = {
			isa = XCBuildConfiguration;
			buildSettings = {
				ASSETCATALOG_COMPILER_APPICON_NAME = AppIcon;
				ASSETCATALOG_COMPILER_LAUNCHIMAGE_NAME = LaunchImage;
				FRAMEWORK_SEARCH_PATHS = (
					"$(inherited)",
					"$(PROJECT_DIR)",
				);
				GCC_PRECOMPILE_PREFIX_HEADER = YES;
				GCC_PREFIX_HEADER = "SocialApp/SocialApp-Prefix.pch";
				INFOPLIST_FILE = "SocialApp/SocialApp-Info.plist";
				PRODUCT_NAME = "$(TARGET_NAME)";
				WRAPPER_EXTENSION = app;
			};
			name = Release;
		};
		35137181199A65BB00C31BE7 /* Debug */ = {
			isa = XCBuildConfiguration;
			buildSettings = {
				BUNDLE_LOADER = "$(BUILT_PRODUCTS_DIR)/SocialApp.app/SocialApp";
				FRAMEWORK_SEARCH_PATHS = (
					"$(SDKROOT)/Developer/Library/Frameworks",
					"$(inherited)",
					"$(DEVELOPER_FRAMEWORKS_DIR)",
				);
				GCC_PRECOMPILE_PREFIX_HEADER = YES;
				GCC_PREFIX_HEADER = "SocialApp/SocialApp-Prefix.pch";
				GCC_PREPROCESSOR_DEFINITIONS = (
					"DEBUG=1",
					"$(inherited)",
				);
				INFOPLIST_FILE = "SocialAppTests/SocialAppTests-Info.plist";
				PRODUCT_NAME = "$(TARGET_NAME)";
				TEST_HOST = "$(BUNDLE_LOADER)";
				WRAPPER_EXTENSION = xctest;
			};
			name = Debug;
		};
		35137182199A65BC00C31BE7 /* Release */ = {
			isa = XCBuildConfiguration;
			buildSettings = {
				BUNDLE_LOADER = "$(BUILT_PRODUCTS_DIR)/SocialApp.app/SocialApp";
				FRAMEWORK_SEARCH_PATHS = (
					"$(SDKROOT)/Developer/Library/Frameworks",
					"$(inherited)",
					"$(DEVELOPER_FRAMEWORKS_DIR)",
				);
				GCC_PRECOMPILE_PREFIX_HEADER = YES;
				GCC_PREFIX_HEADER = "SocialApp/SocialApp-Prefix.pch";
				INFOPLIST_FILE = "SocialAppTests/SocialAppTests-Info.plist";
				PRODUCT_NAME = "$(TARGET_NAME)";
				TEST_HOST = "$(BUNDLE_LOADER)";
				WRAPPER_EXTENSION = xctest;
			};
			name = Release;
		};
/* End XCBuildConfiguration section */

/* Begin XCConfigurationList section */
		35137146199A65BB00C31BE7 /* Build configuration list for PBXProject "SocialApp" */ = {
			isa = XCConfigurationList;
			buildConfigurations = (
				3513717B199A65BB00C31BE7 /* Debug */,
				3513717C199A65BB00C31BE7 /* Release */,
			);
			defaultConfigurationIsVisible = 0;
			defaultConfigurationName = Release;
		};
		3513717D199A65BB00C31BE7 /* Build configuration list for PBXNativeTarget "SocialApp" */ = {
			isa = XCConfigurationList;
			buildConfigurations = (
				3513717E199A65BB00C31BE7 /* Debug */,
				3513717F199A65BB00C31BE7 /* Release */,
			);
			defaultConfigurationIsVisible = 0;
		};
		35137180199A65BB00C31BE7 /* Build configuration list for PBXNativeTarget "SocialAppTests" */ = {
			isa = XCConfigurationList;
			buildConfigurations = (
				35137181199A65BB00C31BE7 /* Debug */,
				35137182199A65BC00C31BE7 /* Release */,
			);
			defaultConfigurationIsVisible = 0;
		};
/* End XCConfigurationList section */
	};
	rootObject = 35137143199A65BB00C31BE7 /* Project object */;
}
